
Microsoft Visual Studio Solution File, Format Version 12.00
# Visual Studio Version 17
VisualStudioVersion = 17.4.33403.182
MinimumVisualStudioVersion = 10.0.40219.1
Project("{9A19103F-16F7-4668-BE54-9A1E7A4F7556}") = "HomeTask1", "HomeTask1\HomeTask1.csproj", "{A7CF3CEC-ADC9-40DD-A411-ADBFB9B53A9B}"
EndProject
Project("{9A19103F-16F7-4668-BE54-9A1E7A4F7556}") = "HomeTask2", "HomeTask2\HomeTask2\HomeTask2.csproj", "{E3868040-3524-45B3-8176-41A4CE62E91F}"
EndProject
Project("{9A19103F-16F7-4668-BE54-9A1E7A4F7556}") = "HomeTask2.BusinessLogicLayer", "HomeTask2\HomeTask2.BusinessLogicLayer\HomeTask2.BusinessLogicLayer.csproj", "{0E4F0732-7974-4FAB-AE00-F72113FC5F56}"
EndProject
Project("{9A19103F-16F7-4668-BE54-9A1E7A4F7556}") = "HomeTask2.Core", "HomeTask2\HomeTask2.Core\HomeTask2.Core.csproj", "{ABE61839-0665-4AFD-AE8A-F2FA5AEF3395}"
EndProject
Project("{9A19103F-16F7-4668-BE54-9A1E7A4F7556}") = "HomeTask2.DataAccessLayer", "HomeTask2\HomeTask2.DataAccessLayer\HomeTask2.DataAccessLayer.csproj", "{E660CE0A-7EAE-46B9-BC9B-21AFB9EBD72B}"
EndProject
Global
	GlobalSection(SolutionConfigurationPlatforms) = preSolution
		Debug|Any CPU = Debug|Any CPU
		Release|Any CPU = Release|Any CPU
	EndGlobalSection
	GlobalSection(ProjectConfigurationPlatforms) = postSolution
		{A7CF3CEC-ADC9-40DD-A411-ADBFB9B53A9B}.Debug|Any CPU.ActiveCfg = Debug|Any CPU
		{A7CF3CEC-ADC9-40DD-A411-ADBFB9B53A9B}.Debug|Any CPU.Build.0 = Debug|Any CPU
		{A7CF3CEC-ADC9-40DD-A411-ADBFB9B53A9B}.Release|Any CPU.ActiveCfg = Release|Any CPU
		{A7CF3CEC-ADC9-40DD-A411-ADBFB9B53A9B}.Release|Any CPU.Build.0 = Release|Any CPU
		{E3868040-3524-45B3-8176-41A4CE62E91F}.Debug|Any CPU.ActiveCfg = Debug|Any CPU
		{E3868040-3524-45B3-8176-41A4CE62E91F}.Debug|Any CPU.Build.0 = Debug|Any CPU
		{E3868040-3524-45B3-8176-41A4CE62E91F}.Release|Any CPU.ActiveCfg = Release|Any CPU
		{E3868040-3524-45B3-8176-41A4CE62E91F}.Release|Any CPU.Build.0 = Release|Any CPU
		{0E4F0732-7974-4FAB-AE00-F72113FC5F56}.Debug|Any CPU.ActiveCfg = Debug|Any CPU
		{0E4F0732-7974-4FAB-AE00-F72113FC5F56}.Debug|Any CPU.Build.0 = Debug|Any CPU
		{0E4F0732-7974-4FAB-AE00-F72113FC5F56}.Release|Any CPU.ActiveCfg = Release|Any CPU
		{0E4F0732-7974-4FAB-AE00-F72113FC5F56}.Release|Any CPU.Build.0 = Release|Any CPU
		{ABE61839-0665-4AFD-AE8A-F2FA5AEF3395}.Debug|Any CPU.ActiveCfg = Debug|Any CPU
		{ABE61839-0665-4AFD-AE8A-F2FA5AEF3395}.Debug|Any CPU.Build.0 = Debug|Any CPU
		{ABE61839-0665-4AFD-AE8A-F2FA5AEF3395}.Release|Any CPU.ActiveCfg = Release|Any CPU
		{ABE61839-0665-4AFD-AE8A-F2FA5AEF3395}.Release|Any CPU.Build.0 = Release|Any CPU
		{E660CE0A-7EAE-46B9-BC9B-21AFB9EBD72B}.Debug|Any CPU.ActiveCfg = Debug|Any CPU
		{E660CE0A-7EAE-46B9-BC9B-21AFB9EBD72B}.Debug|Any CPU.Build.0 = Debug|Any CPU
		{E660CE0A-7EAE-46B9-BC9B-21AFB9EBD72B}.Release|Any CPU.ActiveCfg = Release|Any CPU
		{E660CE0A-7EAE-46B9-BC9B-21AFB9EBD72B}.Release|Any CPU.Build.0 = Release|Any CPU
	EndGlobalSection
	GlobalSection(SolutionProperties) = preSolution
		HideSolutionNode = FALSE
	EndGlobalSection
	GlobalSection(ExtensibilityGlobals) = postSolution
		SolutionGuid = {39DC03C1-4C66-4993-ACB3-009158B0EBBD}
	EndGlobalSection
EndGlobal
